
Microsoft Visual Studio Solution File, Format Version 12.00
# Visual Studio Version 16
VisualStudioVersion = 16.0.31702.278
MinimumVisualStudioVersion = 10.0.40219.1
Project("{FAE04EC0-301F-11D3-BF4B-00C04F79EFBC}") = "SP-MedicalGroup", "SP-MedicalGroup\SP-MedicalGroup.csproj", "{ACD1A74A-A7C0-4F04-B912-519BD36AA729}"
EndProject
Global
	GlobalSection(SolutionConfigurationPlatforms) = preSolution
		Debug|Any CPU = Debug|Any CPU
		Release|Any CPU = Release|Any CPU
	EndGlobalSection
	GlobalSection(ProjectConfigurationPlatforms) = postSolution
		{ACD1A74A-A7C0-4F04-B912-519BD36AA729}.Debug|Any CPU.ActiveCfg = Debug|Any CPU
		{ACD1A74A-A7C0-4F04-B912-519BD36AA729}.Debug|Any CPU.Build.0 = Debug|Any CPU
		{ACD1A74A-A7C0-4F04-B912-519BD36AA729}.Release|Any CPU.ActiveCfg = Release|Any CPU
		{ACD1A74A-A7C0-4F04-B912-519BD36AA729}.Release|Any CPU.Build.0 = Release|Any CPU
	EndGlobalSection
	GlobalSection(SolutionProperties) = preSolution
		HideSolutionNode = FALSE
	EndGlobalSection
	GlobalSection(ExtensibilityGlobals) = postSolution
		SolutionGuid = {2516B197-0C7D-4475-B3EB-4550001773C8}
	EndGlobalSection
EndGlobal
